
Microsoft Visual Studio Solution File, Format Version 12.00
# Visual Studio Version 17
VisualStudioVersion = 17.9.34723.18
MinimumVisualStudioVersion = 10.0.40219.1
Project("{FAE04EC0-301F-11D3-BF4B-00C04F79EFBC}") = "winform1", "winform1\winform1.csproj", "{0EEEC8B5-7A59-4213-913D-87EF1BAC8CBB}"
EndProject
Global
	GlobalSection(SolutionConfigurationPlatforms) = preSolution
		Debug|Any CPU = Debug|Any CPU
		Release|Any CPU = Release|Any CPU
	EndGlobalSection
	GlobalSection(ProjectConfigurationPlatforms) = postSolution
		{0EEEC8B5-7A59-4213-913D-87EF1BAC8CBB}.Debug|Any CPU.ActiveCfg = Debug|Any CPU
		{0EEEC8B5-7A59-4213-913D-87EF1BAC8CBB}.Debug|Any CPU.Build.0 = Debug|Any CPU
		{0EEEC8B5-7A59-4213-913D-87EF1BAC8CBB}.Release|Any CPU.ActiveCfg = Release|Any CPU
		{0EEEC8B5-7A59-4213-913D-87EF1BAC8CBB}.Release|Any CPU.Build.0 = Release|Any CPU
	EndGlobalSection
	GlobalSection(SolutionProperties) = preSolution
		HideSolutionNode = FALSE
	EndGlobalSection
	GlobalSection(ExtensibilityGlobals) = postSolution
		SolutionGuid = {35E9533D-D536-4896-9C47-2DA9DCAF5292}
	EndGlobalSection
EndGlobal
